version = 1
revision = 2
requires-python = ">=3.10"

[[package]]
name = "boto3"
version = "1.39.11"
source = { registry = "https://pypi.org/simple" }
dependencies = [
    { name = "botocore" },
    { name = "jmespath" },
    { name = "s3transfer" },
]
sdist = { url = "https://files.pythonhosted.org/packages/b6/2e/ed75ea3ee0fd1afacc3379bc2b7457c67a6b0f0e554e1f7ccbdbaed2351b/boto3-1.39.11.tar.gz", hash = "sha256:3027edf20642fe1d5f9dc50a420d0fe2733073ed6a9f0f047b60fe08c3682132", size = 111869, upload-time = "2025-07-22T19:26:50.867Z" }
wheels = [
    { url = "https://files.pythonhosted.org/packages/72/66/88566a6484e746c0b075f7c9bb248e8548eda0a486de4460d150a41e2d57/boto3-1.39.11-py3-none-any.whl", hash = "sha256:af8f1dad35eceff7658fab43b39b0f55892b6e3dd12308733521cc24dd2c9a02", size = 139900, upload-time = "2025-07-22T19:26:48.706Z" },
]

[[package]]
name = "botocore"
version = "1.39.11"
source = { registry = "https://pypi.org/simple" }
dependencies = [
    { name = "jmespath" },
    { name = "python-dateutil" },
    { name = "urllib3" },
]
sdist = { url = "https://files.pythonhosted.org/packages/6d/d0/9d64261186cff650fe63168441edb4f4cd33f085a74c0c54455630a71f91/botocore-1.39.11.tar.gz", hash = "sha256:953b12909d6799350e346ab038e55b6efe622c616f80aef74d7a6683ffdd972c", size = 14217749, upload-time = "2025-07-22T19:26:40.723Z" }
wheels = [
    { url = "https://files.pythonhosted.org/packages/1c/2c/8a0b02d60a1dbbae7faa5af30484b016aa3023f9833dfc0d19b0b770dd6a/botocore-1.39.11-py3-none-any.whl", hash = "sha256:1545352931a8a186f3e977b1e1a4542d7d434796e274c3c62efd0210b5ea76dc", size = 13876276, upload-time = "2025-07-22T19:26:35.164Z" },
]

[[package]]
name = "click"
version = "8.2.1"
source = { registry = "https://pypi.org/simple" }
dependencies = [
    { name = "colorama", marker = "sys_platform == 'win32'" },
]
sdist = { url = "https://files.pythonhosted.org/packages/60/6c/8ca2efa64cf75a977a0d7fac081354553ebe483345c734fb6b6515d96bbc/click-8.2.1.tar.gz", hash = "sha256:27c491cc05d968d271d5a1db13e3b5a184636d9d930f148c50b038f0d0646202", size = 286342, upload-time = "2025-05-20T23:19:49.832Z" }
wheels = [
    { url = "https://files.pythonhosted.org/packages/85/32/10bb5764d90a8eee674e9dc6f4db6a0ab47c8c4d0d83c27f7c39ac415a4d/click-8.2.1-py3-none-any.whl", hash = "sha256:61a3265b914e850b85317d0b3109c7f8cd35a670f963866005d6ef1d5175a12b", size = 102215, upload-time = "2025-05-20T23:19:47.796Z" },
]

[[package]]
name = "colorama"
version = "0.4.6"
source = { registry = "https://pypi.org/simple" }
sdist = { url = "https://files.pythonhosted.org/packages/d8/53/6f443c9a4a8358a93a6792e2acffb9d9d5cb0a5cfd8802644b7b1c9a02e4/colorama-0.4.6.tar.gz", hash = "sha256:08695f5cb7ed6e0531a20572697297273c47b8cae5a63ffc6d6ed5c201be6e44", size = 27697, upload-time = "2022-10-25T02:36:22.414Z" }
wheels = [
    { url = "https://files.pythonhosted.org/packages/d1/d6/3965ed04c63042e047cb6a3e6ed1a63a35087b6a609aa3a15ed8ac56c221/colorama-0.4.6-py2.py3-none-any.whl", hash = "sha256:4f1d9991f5acc0ca119f9d443620b77f9d6b33703e51011c16baf57afb285fc6", size = 25335, upload-time = "2022-10-25T02:36:20.889Z" },
]

[[package]]
name = "connectorx"
version = "0.4.3"
source = { registry = "https://pypi.org/simple" }
wheels = [
    { url = "https://files.pythonhosted.org/packages/02/f9/1f829e1b768b628d29fc993fb1e7f812cd5e0480d98db59b005bb3f27723/connectorx-0.4.3-cp310-cp310-macosx_10_7_x86_64.whl", hash = "sha256:0873df0741da01dfff101895b426a9cd0f84a98d87aba1c5873233ab134cda53", size = 36270125, upload-time = "2025-04-11T16:23:41.422Z" },
    { url = "https://files.pythonhosted.org/packages/87/a9/0200aad2e9613e1292f18330ab1d52772d8bb2236382d3308fb850be6e22/connectorx-0.4.3-cp310-cp310-macosx_11_0_arm64.whl", hash = "sha256:900c5af9d566399cb42fa808b0ea03817b654d106e25b6e530393ce55193e21a", size = 34472544, upload-time = "2025-04-11T16:23:58.934Z" },
    { url = "https://files.pythonhosted.org/packages/00/f2/dabc537604ae15a1fed77470fb7cb1ee96dac744c1a749a82b98418e1488/connectorx-0.4.3-cp310-cp310-manylinux_2_28_x86_64.whl", hash = "sha256:fb767647e1de4835b975a5627d0eadaa8de774ba6f123d455c058bdbcd8f8c0a", size = 41675350, upload-time = "2025-04-11T16:24:17.033Z" },
    { url = "https://files.pythonhosted.org/packages/36/d6/ef024496a9e8d5661998333b66b4bd895816d81088f786f32df05a358f93/connectorx-0.4.3-cp310-cp310-manylinux_2_35_aarch64.whl", hash = "sha256:4af1a106d0e21d60ee783d11008e76d5c9af3665c85689544083a9655945bf16", size = 38903780, upload-time = "2025-04-11T16:23:24.314Z" },
    { url = "https://files.pythonhosted.org/packages/ae/9e/83f61855342c636123c4d37e58eba7b8f73cbb7e019b91e749e19d87854d/connectorx-0.4.3-cp310-none-win_amd64.whl", hash = "sha256:d31ddc124309f3bc642970684abc912dab51bd5bb521246df8e021c487a6d938", size = 32948329, upload-time = "2025-04-11T16:24:37.191Z" },
    { url = "https://files.pythonhosted.org/packages/c1/a3/6640323778323268a9a5c0090cc1951c31d0387af12af3c94d42b212427b/connectorx-0.4.3-cp311-cp311-macosx_10_7_x86_64.whl", hash = "sha256:5ffb92d51116a67a57d75c7427505e102b5ab8e71d96df2bbf5a0f0073284241", size = 36269796, upload-time = "2025-04-11T16:23:45.81Z" },
    { url = "https://files.pythonhosted.org/packages/63/0c/31ec422b3daaf242c899acbe16249ab2c20dd1ed399bc80dacc46c7adb4d/connectorx-0.4.3-cp311-cp311-macosx_11_0_arm64.whl", hash = "sha256:1fe7e4426982f91dcba74a0937696a339287f198e8c55d3186784b2ced2bff01", size = 34480226, upload-time = "2025-04-11T16:24:03.266Z" },
    { url = "https://files.pythonhosted.org/packages/ae/66/1291628b6295c9f931263df6dd299e4b0820ce123068d63d1cf98df6c249/connectorx-0.4.3-cp311-cp311-manylinux_2_28_x86_64.whl", hash = "sha256:34fa1c734ec670087ac9c2f4e2f66f594ae783773bc87f55324b26cf8521e4a3", size = 41676123, upload-time = "2025-04-11T16:24:22.709Z" },
    { url = "https://files.pythonhosted.org/packages/9c/0e/f03f4d47a36ca3446b0c446b8e35bd796e0bdf7f9dd360a913c13e41b4c9/connectorx-0.4.3-cp311-cp311-manylinux_2_35_aarch64.whl", hash = "sha256:40ea58bd899d8d2cb37776dae53226a98e698587d8f9e37dbcf3a6e37e2209f8", size = 38901237, upload-time = "2025-04-11T16:23:28.898Z" },
    { url = "https://files.pythonhosted.org/packages/b3/7f/4df0d2db54499958345f1af915431177df180a66435163d015b660712b69/connectorx-0.4.3-cp311-none-win_amd64.whl", hash = "sha256:241b84cf5a866f175f3ed204bf4c17bcbdfe50c05d745a48d193d7f164a32ae2", size = 32948137, upload-time = "2025-04-11T16:24:40.947Z" },
    { url = "https://files.pythonhosted.org/packages/aa/f1/df5c7be74ec02d69afb22c9ca9e9bd5a6b18d9b0de47d6e1c810fb4a4695/connectorx-0.4.3-cp312-cp312-macosx_10_7_x86_64.whl", hash = "sha256:a461fa210f69419a04a21f596fe593ed104c5d22100c468042ee55b15219d3bd", size = 36272231, upload-time = "2025-04-11T16:23:50.143Z" },
    { url = "https://files.pythonhosted.org/packages/10/b8/c7711d41db17e1d574ab0d53dd648a2fcda603cfee0abb2f027647531ce1/connectorx-0.4.3-cp312-cp312-macosx_11_0_arm64.whl", hash = "sha256:ba7afa7749a28d13ef4c0ca7cbd0e118d367db77f576c8a1fba42694dc9e3534", size = 34479924, upload-time = "2025-04-11T16:24:08.466Z" },
    { url = "https://files.pythonhosted.org/packages/83/43/18d59d706aed986e56a0b7d5ab11ad5ce6ae145514afc8b1ae5ff2a067b8/connectorx-0.4.3-cp312-cp312-manylinux_2_28_x86_64.whl", hash = "sha256:be944d72a8f64443efee5a0a992479d5d59608d36c348f24770b32a3b92537cf", size = 41675045, upload-time = "2025-04-11T16:24:27.297Z" },
    { url = "https://files.pythonhosted.org/packages/d5/e5/21ac4560dc50f31f1a1031c40fef96bad3da791758549cb9d400772b72c4/connectorx-0.4.3-cp312-cp312-manylinux_2_35_aarch64.whl", hash = "sha256:a347c22fe4b8d4f37f478ad3b8f2fa7dd2eccd9cc42c5493a2e4246221df3218", size = 38893303, upload-time = "2025-04-11T16:23:33.19Z" },
    { url = "https://files.pythonhosted.org/packages/b8/07/c21750870ab8cf6fd5b1e3068cb99630b294ef89f431627d3d00ea54179e/connectorx-0.4.3-cp312-none-win_amd64.whl", hash = "sha256:58906d50564b059086dd2283e975b6a8874ce78edfb2672623f2d003ed987675", size = 32932339, upload-time = "2025-04-11T16:24:44.621Z" },
    { url = "https://files.pythonhosted.org/packages/e0/87/2cd961d3ad08944487fdd1d7b1b9b3b596d7bd98eea0f7e203cabf9a0e7b/connectorx-0.4.3-cp313-cp313-macosx_10_7_x86_64.whl", hash = "sha256:bcae0f740ec17d14692692fb66b9beb32e1d9112c7940d1cee48efc52eb8c441", size = 36273792, upload-time = "2025-04-11T16:23:54.588Z" },
    { url = "https://files.pythonhosted.org/packages/68/53/b5e216c7966f860aba462d944b3266ce0e16ab502697df84fa5ea9326e0c/connectorx-0.4.3-cp313-cp313-macosx_11_0_arm64.whl", hash = "sha256:2713f737f8cc8768598d287a5807c34588fef63a572750b54c49400be6e8aa8e", size = 34480916, upload-time = "2025-04-11T16:24:12.283Z" },
    { url = "https://files.pythonhosted.org/packages/6b/ce/35508d6b8974cf8d4edb4439e93346dc9a2ea8a4c679a2ee3e831f8245f4/connectorx-0.4.3-cp313-cp313-manylinux_2_28_x86_64.whl", hash = "sha256:2fcf42c9577e314d21caac0fa532ce485404ce3be082642e02543344ee0ca3b0", size = 41678049, upload-time = "2025-04-11T16:24:31.732Z" },
    { url = "https://files.pythonhosted.org/packages/0c/3c/c7771b3af357f4ca32f9efd7eb440d705ac7e52abbb5111d987be3f22207/connectorx-0.4.3-cp313-cp313-manylinux_2_35_aarch64.whl", hash = "sha256:152746a662fec8bfbe520f127d2ca77a780fdc70ad1c199aadd7544612b291cc", size = 38891685, upload-time = "2025-04-11T16:23:37.012Z" },
    { url = "https://files.pythonhosted.org/packages/b8/a9/0c80560fe59d4b7643ca6acd20c25b240335eb1c23a502bed1d102e0a485/connectorx-0.4.3-cp313-none-win_amd64.whl", hash = "sha256:b9408ee082985a66fedbf12328c655dc2a8d86e4c5127666ffcd81d0c79c4b76", size = 32945561, upload-time = "2025-04-11T16:24:48.32Z" },
]

[[package]]
name = "dotenv"
version = "0.9.9"
source = { registry = "https://pypi.org/simple" }
dependencies = [
    { name = "python-dotenv" },
]
wheels = [
    { url = "https://files.pythonhosted.org/packages/b2/b7/545d2c10c1fc15e48653c91efde329a790f2eecfbbf2bd16003b5db2bab0/dotenv-0.9.9-py2.py3-none-any.whl", hash = "sha256:29cf74a087b31dafdb5a446b6d7e11cbce8ed2741540e2339c69fbef92c94ce9", size = 1892, upload-time = "2025-02-19T22:15:01.647Z" },
]

[[package]]
name = "duckdb"
version = "1.3.2"
source = { registry = "https://pypi.org/simple" }
sdist = { url = "https://files.pythonhosted.org/packages/47/24/a2e7fb78fba577641c286fe33185789ab1e1569ccdf4d142e005995991d2/duckdb-1.3.2.tar.gz", hash = "sha256:c658df8a1bc78704f702ad0d954d82a1edd4518d7a04f00027ec53e40f591ff5", size = 11627775, upload-time = "2025-07-08T10:41:14.444Z" }
wheels = [
    { url = "https://files.pythonhosted.org/packages/6a/a0/13f45e67565800826ce0af12a0ab68fe9502dcac0e39bc03bf8a8cba61da/duckdb-1.3.2-cp310-cp310-macosx_12_0_arm64.whl", hash = "sha256:14676651b86f827ea10bf965eec698b18e3519fdc6266d4ca849f5af7a8c315e", size = 15518888, upload-time = "2025-07-08T10:39:58.167Z" },
    { url = "https://files.pythonhosted.org/packages/ec/28/daf9c01b5cb4058fc80070c74284c52f11581c888db2b0e73ca48f9bae23/duckdb-1.3.2-cp310-cp310-macosx_12_0_universal2.whl", hash = "sha256:e584f25892450757919639b148c2410402b17105bd404017a57fa9eec9c98919", size = 32495739, upload-time = "2025-07-08T10:40:01.027Z" },
    { url = "https://files.pythonhosted.org/packages/77/e0/5b50014d92eb6c879608183f6184186ab2cf324dd33e432174af93d19a44/duckdb-1.3.2-cp310-cp310-macosx_12_0_x86_64.whl", hash = "sha256:84a19f185ee0c5bc66d95908c6be19103e184b743e594e005dee6f84118dc22c", size = 17088139, upload-time = "2025-07-08T10:40:03.284Z" },
    { url = "https://files.pythonhosted.org/packages/a2/ff/291d74f8b4c988b2a7ee5f65d3073fe0cf4c6a4505aa1a6f28721bb2ebe2/duckdb-1.3.2-cp310-cp310-manylinux_2_27_aarch64.manylinux_2_28_aarch64.whl", hash = "sha256:186fc3f98943e97f88a1e501d5720b11214695571f2c74745d6e300b18bef80e", size = 19157693, upload-time = "2025-07-08T10:40:05.17Z" },
    { url = "https://files.pythonhosted.org/packages/65/50/9a1289619447d93a8c63b08f6ab22e1e6ce73a681e0dceb0cd0ea7558613/duckdb-1.3.2-cp310-cp310-manylinux_2_27_x86_64.manylinux_2_28_x86_64.whl", hash = "sha256:6b7e6bb613b73745f03bff4bb412f362d4a1e158bdcb3946f61fd18e9e1a8ddf", size = 21090480, upload-time = "2025-07-08T10:40:07.571Z" },
    { url = "https://files.pythonhosted.org/packages/e0/d1/8dc959e3ca16c4c32ab34e28ceea189edc9bf32523aaa976080fd2101835/duckdb-1.3.2-cp310-cp310-musllinux_1_2_x86_64.whl", hash = "sha256:1c90646b52a0eccda1f76b10ac98b502deb9017569e84073da00a2ab97763578", size = 22742078, upload-time = "2025-07-08T10:40:09.965Z" },
    { url = "https://files.pythonhosted.org/packages/7b/e8/126767fe5acbe01230f7431d999a2c2ef028ffdaebda8fe32ddb57628815/duckdb-1.3.2-cp310-cp310-win_amd64.whl", hash = "sha256:4cdffb1e60defbfa75407b7f2ccc322f535fd462976940731dfd1644146f90c6", size = 11387096, upload-time = "2025-07-08T10:40:11.804Z" },
    { url = "https://files.pythonhosted.org/packages/38/16/4cde40c37dd1f48d2f9ffa63027e8b668391c5cc32cbb59f7ca8b1cec6e2/duckdb-1.3.2-cp311-cp311-macosx_12_0_arm64.whl", hash = "sha256:e1872cf63aae28c3f1dc2e19b5e23940339fc39fb3425a06196c5d00a8d01040", size = 15520798, upload-time = "2025-07-08T10:40:13.867Z" },
    { url = "https://files.pythonhosted.org/packages/22/ca/9ca65db51868604007114a27cc7d44864d89328ad6a934668626618147ff/duckdb-1.3.2-cp311-cp311-macosx_12_0_universal2.whl", hash = "sha256:db256c206056468ae6a9e931776bdf7debaffc58e19a0ff4fa9e7e1e82d38b3b", size = 32502242, upload-time = "2025-07-08T10:40:15.949Z" },
    { url = "https://files.pythonhosted.org/packages/9e/ca/7f7cf01dd7731d358632fb516521f2962070a627558fb6fc3137e594bbaa/duckdb-1.3.2-cp311-cp311-macosx_12_0_x86_64.whl", hash = "sha256:1d57df2149d6e4e0bd5198689316c5e2ceec7f6ac0a9ec11bc2b216502a57b34", size = 17091841, upload-time = "2025-07-08T10:40:18.539Z" },
    { url = "https://files.pythonhosted.org/packages/4c/7f/38e518b8f51299410dcad9f1e99f1c99f3592516581467a2da344d3b5951/duckdb-1.3.2-cp311-cp311-manylinux_2_27_aarch64.manylinux_2_28_aarch64.whl", hash = "sha256:54f76c8b1e2a19dfe194027894209ce9ddb073fd9db69af729a524d2860e4680", size = 19158775, upload-time = "2025-07-08T10:40:20.804Z" },
    { url = "https://files.pythonhosted.org/packages/90/a3/41f3d42fddd9629846aac328eb295170e76782d8dfc5e58b3584b96fa296/duckdb-1.3.2-cp311-cp311-manylinux_2_27_x86_64.manylinux_2_28_x86_64.whl", hash = "sha256:45bea70b3e93c6bf766ce2f80fc3876efa94c4ee4de72036417a7bd1e32142fe", size = 21093951, upload-time = "2025-07-08T10:40:22.686Z" },
    { url = "https://files.pythonhosted.org/packages/11/8e/c5444b6890ae7f00836fd0cd17799abbcc3066bbab32e90b04aa8a8a5087/duckdb-1.3.2-cp311-cp311-musllinux_1_2_x86_64.whl", hash = "sha256:003f7d36f0d8a430cb0e00521f18b7d5ee49ec98aaa541914c6d0e008c306f1a", size = 22743891, upload-time = "2025-07-08T10:40:24.987Z" },
    { url = "https://files.pythonhosted.org/packages/87/a1/e240bd07671542ddf2084962e68a7d5c9b068d8da3f938e935af69441355/duckdb-1.3.2-cp311-cp311-win_amd64.whl", hash = "sha256:0eb210cedf08b067fa90c666339688f1c874844a54708562282bc54b0189aac6", size = 11387047, upload-time = "2025-07-08T10:40:27.443Z" },
    { url = "https://files.pythonhosted.org/packages/6c/5d/77f15528857c2b186ebec07778dc199ccc04aafb69fb7b15227af4f19ac9/duckdb-1.3.2-cp312-cp312-macosx_12_0_arm64.whl", hash = "sha256:2455b1ffef4e3d3c7ef8b806977c0e3973c10ec85aa28f08c993ab7f2598e8dd", size = 15538413, upload-time = "2025-07-08T10:40:29.551Z" },
    { url = "https://files.pythonhosted.org/packages/78/67/7e4964f688b846676c813a4acc527cd3454be8a9cafa10f3a9aa78d0d165/duckdb-1.3.2-cp312-cp312-macosx_12_0_universal2.whl", hash = "sha256:9d0ae509713da3461c000af27496d5413f839d26111d2a609242d9d17b37d464", size = 32535307, upload-time = "2025-07-08T10:40:31.632Z" },
    { url = "https://files.pythonhosted.org/packages/95/3d/2d7f8078194130dbf30b5ae154ce454bfc208c91aa5f3e802531a3e09bca/duckdb-1.3.2-cp312-cp312-macosx_12_0_x86_64.whl", hash = "sha256:72ca6143d23c0bf6426396400f01fcbe4785ad9ceec771bd9a4acc5b5ef9a075", size = 17110219, upload-time = "2025-07-08T10:40:34.072Z" },
    { url = "https://files.pythonhosted.org/packages/cd/05/36ff9000b9c6d2a68c1b248f133ee316fcac10c0ff817112cbf5214dbe91/duckdb-1.3.2-cp312-cp312-manylinux_2_27_aarch64.manylinux_2_28_aarch64.whl", hash = "sha256:b49a11afba36b98436db83770df10faa03ebded06514cb9b180b513d8be7f392", size = 19178569, upload-time = "2025-07-08T10:40:35.995Z" },
    { url = "https://files.pythonhosted.org/packages/ac/73/f85acbb3ac319a86abbf6b46103d58594d73529123377219980f11b388e9/duckdb-1.3.2-cp312-cp312-manylinux_2_27_x86_64.manylinux_2_28_x86_64.whl", hash = "sha256:36abdfe0d1704fe09b08d233165f312dad7d7d0ecaaca5fb3bb869f4838a2d0b", size = 21129975, upload-time = "2025-07-08T10:40:38.3Z" },
    { url = "https://files.pythonhosted.org/packages/32/40/9aa3267f3631ae06b30fb1045a48628f4dba7beb2efb485c0282b4a73367/duckdb-1.3.2-cp312-cp312-musllinux_1_2_x86_64.whl", hash = "sha256:3380aae1c4f2af3f37b0bf223fabd62077dd0493c84ef441e69b45167188e7b6", size = 22781859, upload-time = "2025-07-08T10:40:41.691Z" },
    { url = "https://files.pythonhosted.org/packages/8c/8d/47bf95f6999b327cf4da677e150cfce802abf9057b61a93a1f91e89d748c/duckdb-1.3.2-cp312-cp312-win_amd64.whl", hash = "sha256:11af73963ae174aafd90ea45fb0317f1b2e28a7f1d9902819d47c67cc957d49c", size = 11395337, upload-time = "2025-07-08T10:40:43.651Z" },
    { url = "https://files.pythonhosted.org/packages/f5/f0/8cac9713735864899e8abc4065bbdb3d1617f2130006d508a80e1b1a6c53/duckdb-1.3.2-cp313-cp313-macosx_12_0_arm64.whl", hash = "sha256:a3418c973b06ac4e97f178f803e032c30c9a9f56a3e3b43a866f33223dfbf60b", size = 15535350, upload-time = "2025-07-08T10:40:45.562Z" },
    { url = "https://files.pythonhosted.org/packages/c5/26/6698bbb30b7bce8b8b17697599f1517611c61e4bd68b37eaeaf4f5ddd915/duckdb-1.3.2-cp313-cp313-macosx_12_0_universal2.whl", hash = "sha256:2a741eae2cf110fd2223eeebe4151e22c0c02803e1cfac6880dbe8a39fecab6a", size = 32534715, upload-time = "2025-07-08T10:40:47.615Z" },
    { url = "https://files.pythonhosted.org/packages/10/75/8ab4da3099a2fac7335ecebce4246706d19bdd5dad167aa436b5b27c43c4/duckdb-1.3.2-cp313-cp313-macosx_12_0_x86_64.whl", hash = "sha256:51e62541341ea1a9e31f0f1ade2496a39b742caf513bebd52396f42ddd6525a0", size = 17110300, upload-time = "2025-07-08T10:40:49.674Z" },
    { url = "https://files.pythonhosted.org/packages/d1/46/af81b10d4a66a0f27c248df296d1b41ff2a305a235ed8488f93240f6f8b5/duckdb-1.3.2-cp313-cp313-manylinux_2_27_aarch64.manylinux_2_28_aarch64.whl", hash = "sha256:b3e519de5640e5671f1731b3ae6b496e0ed7e4de4a1c25c7a2f34c991ab64d71", size = 19180082, upload-time = "2025-07-08T10:40:51.679Z" },
    { url = "https://files.pythonhosted.org/packages/68/fc/259a54fc22111a847981927aa58528d766e8b228c6d41deb0ad8a1959f9f/duckdb-1.3.2-cp313-cp313-manylinux_2_27_x86_64.manylinux_2_28_x86_64.whl", hash = "sha256:4732fb8cc60566b60e7e53b8c19972cb5ed12d285147a3063b16cc64a79f6d9f", size = 21128404, upload-time = "2025-07-08T10:40:53.772Z" },
    { url = "https://files.pythonhosted.org/packages/ab/dc/5d5140383e40661173dacdceaddee2a97c3f6721a5e8d76e08258110595e/duckdb-1.3.2-cp313-cp313-musllinux_1_2_x86_64.whl", hash = "sha256:97f7a22dcaa1cca889d12c3dc43a999468375cdb6f6fe56edf840e062d4a8293", size = 22779786, upload-time = "2025-07-08T10:40:55.826Z" },
    { url = "https://files.pythonhosted.org/packages/51/c9/2fcd86ab7530a5b6caff42dbe516ce7a86277e12c499d1c1f5acd266ffb2/duckdb-1.3.2-cp313-cp313-win_amd64.whl", hash = "sha256:cd3d717bf9c49ef4b1016c2216517572258fa645c2923e91c5234053defa3fb5", size = 11395370, upload-time = "2025-07-08T10:40:57.655Z" },
]

[[package]]
name = "feature-pipeline"
version = "0.1.0"
source = { virtual = "." }
dependencies = [
    { name = "boto3" },
    { name = "click" },
    { name = "connectorx" },
    { name = "dotenv" },
    { name = "polars" },
    { name = "pyarrow" },
]

[package.dev-dependencies]
dev = [
    { name = "duckdb" },
    { name = "pyarrow" },
]

[package.metadata]
requires-dist = [
    { name = "boto3", specifier = "==1.39.*" },
    { name = "click", specifier = ">=8.2.1" },
    { name = "connectorx", specifier = "==0.4.*" },
    { name = "dotenv", specifier = ">=0.9.9" },
    { name = "polars", specifier = ">=1.31.0" },
    { name = "pyarrow", specifier = "==20.0.*" },
]

[package.metadata.requires-dev]
dev = [
    { name = "duckdb", specifier = ">=1.3.2" },
    { name = "pyarrow", specifier = "==20.0.*" },
]

[[package]]
name = "jmespath"
version = "1.0.1"
source = { registry = "https://pypi.org/simple" }
sdist = { url = "https://files.pythonhosted.org/packages/00/2a/e867e8531cf3e36b41201936b7fa7ba7b5702dbef42922193f05c8976cd6/jmespath-1.0.1.tar.gz", hash = "sha256:90261b206d6defd58fdd5e85f478bf633a2901798906be2ad389150c5c60edbe", size = 25843, upload-time = "2022-06-17T18:00:12.224Z" }
wheels = [
    { url = "https://files.pythonhosted.org/packages/31/b4/b9b800c45527aadd64d5b442f9b932b00648617eb5d63d2c7a6587b7cafc/jmespath-1.0.1-py3-none-any.whl", hash = "sha256:02e2e4cc71b5bcab88332eebf907519190dd9e6e82107fa7f83b1003a6252980", size = 20256, upload-time = "2022-06-17T18:00:10.251Z" },
]

[[package]]
name = "polars"
version = "1.31.0"
source = { registry = "https://pypi.org/simple" }
sdist = { url = "https://files.pythonhosted.org/packages/fd/f5/de1b5ecd7d0bd0dd87aa392937f759f9cc3997c5866a9a7f94eabf37cd48/polars-1.31.0.tar.gz", hash = "sha256:59a88054a5fc0135386268ceefdbb6a6cc012d21b5b44fed4f1d3faabbdcbf32", size = 4681224, upload-time = "2025-06-18T12:00:46.24Z" }
wheels = [
    { url = "https://files.pythonhosted.org/packages/3d/6e/bdd0937653c1e7a564a09ae3bc7757ce83fedbf19da600c8b35d62c0182a/polars-1.31.0-cp39-abi3-macosx_10_12_x86_64.whl", hash = "sha256:ccc68cd6877deecd46b13cbd2663ca89ab2a2cb1fe49d5cfc66a9cef166566d9", size = 34511354, upload-time = "2025-06-18T11:59:40.048Z" },
    { url = "https://files.pythonhosted.org/packages/77/fe/81aaca3540c1a5530b4bc4fd7f1b6f77100243d7bb9b7ad3478b770d8b3e/polars-1.31.0-cp39-abi3-macosx_11_0_arm64.whl", hash = "sha256:a94c5550df397ad3c2d6adc212e59fd93d9b044ec974dd3653e121e6487a7d21", size = 31377712, upload-time = "2025-06-18T11:59:45.104Z" },
    { url = "https://files.pythonhosted.org/packages/b8/d9/5e2753784ea30d84b3e769a56f5e50ac5a89c129e87baa16ac0773eb4ef7/polars-1.31.0-cp39-abi3-manylinux_2_17_x86_64.manylinux2014_x86_64.whl", hash = "sha256:ada7940ed92bea65d5500ae7ac1f599798149df8faa5a6db150327c9ddbee4f1", size = 35050729, upload-time = "2025-06-18T11:59:48.538Z" },
    { url = "https://files.pythonhosted.org/packages/20/e8/a6bdfe7b687c1fe84bceb1f854c43415eaf0d2fdf3c679a9dc9c4776e462/polars-1.31.0-cp39-abi3-manylinux_2_24_aarch64.whl", hash = "sha256:b324e6e3e8c6cc6593f9d72fe625f06af65e8d9d47c8686583585533a5e731e1", size = 32260836, upload-time = "2025-06-18T11:59:52.543Z" },
    { url = "https://files.pythonhosted.org/packages/6e/f6/9d9ad9dc4480d66502497e90ce29efc063373e1598f4bd9b6a38af3e08e7/polars-1.31.0-cp39-abi3-win_amd64.whl", hash = "sha256:3fd874d3432fc932863e8cceff2cff8a12a51976b053f2eb6326a0672134a632", size = 35156211, upload-time = "2025-06-18T11:59:55.805Z" },
    { url = "https://files.pythonhosted.org/packages/40/4b/0673a68ac4d6527fac951970e929c3b4440c654f994f0c957bd5556deb38/polars-1.31.0-cp39-abi3-win_arm64.whl", hash = "sha256:62ef23bb9d10dca4c2b945979f9a50812ac4ace4ed9e158a6b5d32a7322e6f75", size = 31469078, upload-time = "2025-06-18T11:59:59.242Z" },
]

[[package]]
name = "pyarrow"
version = "20.0.0"
source = { registry = "https://pypi.org/simple" }
sdist = { url = "https://files.pythonhosted.org/packages/a2/ee/a7810cb9f3d6e9238e61d312076a9859bf3668fd21c69744de9532383912/pyarrow-20.0.0.tar.gz", hash = "sha256:febc4a913592573c8d5805091a6c2b5064c8bd6e002131f01061797d91c783c1", size = 1125187, upload-time = "2025-04-27T12:34:23.264Z" }
wheels = [
    { url = "https://files.pythonhosted.org/packages/5b/23/77094eb8ee0dbe88441689cb6afc40ac312a1e15d3a7acc0586999518222/pyarrow-20.0.0-cp310-cp310-macosx_12_0_arm64.whl", hash = "sha256:c7dd06fd7d7b410ca5dc839cc9d485d2bc4ae5240851bcd45d85105cc90a47d7", size = 30832591, upload-time = "2025-04-27T12:27:27.89Z" },
    { url = "https://files.pythonhosted.org/packages/c3/d5/48cc573aff00d62913701d9fac478518f693b30c25f2c157550b0b2565cb/pyarrow-20.0.0-cp310-cp310-macosx_12_0_x86_64.whl", hash = "sha256:d5382de8dc34c943249b01c19110783d0d64b207167c728461add1ecc2db88e4", size = 32273686, upload-time = "2025-04-27T12:27:36.816Z" },
    { url = "https://files.pythonhosted.org/packages/37/df/4099b69a432b5cb412dd18adc2629975544d656df3d7fda6d73c5dba935d/pyarrow-20.0.0-cp310-cp310-manylinux_2_17_aarch64.manylinux2014_aarch64.whl", hash = "sha256:6415a0d0174487456ddc9beaead703d0ded5966129fa4fd3114d76b5d1c5ceae", size = 41337051, upload-time = "2025-04-27T12:27:44.4Z" },
    { url = "https://files.pythonhosted.org/packages/4c/27/99922a9ac1c9226f346e3a1e15e63dee6f623ed757ff2893f9d6994a69d3/pyarrow-20.0.0-cp310-cp310-manylinux_2_17_x86_64.manylinux2014_x86_64.whl", hash = "sha256:15aa1b3b2587e74328a730457068dc6c89e6dcbf438d4369f572af9d320a25ee", size = 42404659, upload-time = "2025-04-27T12:27:51.715Z" },
    { url = "https://files.pythonhosted.org/packages/21/d1/71d91b2791b829c9e98f1e0d85be66ed93aff399f80abb99678511847eaa/pyarrow-20.0.0-cp310-cp310-manylinux_2_28_aarch64.whl", hash = "sha256:5605919fbe67a7948c1f03b9f3727d82846c053cd2ce9303ace791855923fd20", size = 40695446, upload-time = "2025-04-27T12:27:59.643Z" },
    { url = "https://files.pythonhosted.org/packages/f1/ca/ae10fba419a6e94329707487835ec721f5a95f3ac9168500bcf7aa3813c7/pyarrow-20.0.0-cp310-cp310-manylinux_2_28_x86_64.whl", hash = "sha256:a5704f29a74b81673d266e5ec1fe376f060627c2e42c5c7651288ed4b0db29e9", size = 42278528, upload-time = "2025-04-27T12:28:07.297Z" },
    { url = "https://files.pythonhosted.org/packages/7a/a6/aba40a2bf01b5d00cf9cd16d427a5da1fad0fb69b514ce8c8292ab80e968/pyarrow-20.0.0-cp310-cp310-musllinux_1_2_aarch64.whl", hash = "sha256:00138f79ee1b5aca81e2bdedb91e3739b987245e11fa3c826f9e57c5d102fb75", size = 42918162, upload-time = "2025-04-27T12:28:15.716Z" },
    { url = "https://files.pythonhosted.org/packages/93/6b/98b39650cd64f32bf2ec6d627a9bd24fcb3e4e6ea1873c5e1ea8a83b1a18/pyarrow-20.0.0-cp310-cp310-musllinux_1_2_x86_64.whl", hash = "sha256:f2d67ac28f57a362f1a2c1e6fa98bfe2f03230f7e15927aecd067433b1e70ce8", size = 44550319, upload-time = "2025-04-27T12:28:27.026Z" },
    { url = "https://files.pythonhosted.org/packages/ab/32/340238be1eb5037e7b5de7e640ee22334417239bc347eadefaf8c373936d/pyarrow-20.0.0-cp310-cp310-win_amd64.whl", hash = "sha256:4a8b029a07956b8d7bd742ffca25374dd3f634b35e46cc7a7c3fa4c75b297191", size = 25770759, upload-time = "2025-04-27T12:28:33.702Z" },
    { url = "https://files.pythonhosted.org/packages/47/a2/b7930824181ceadd0c63c1042d01fa4ef63eee233934826a7a2a9af6e463/pyarrow-20.0.0-cp311-cp311-macosx_12_0_arm64.whl", hash = "sha256:24ca380585444cb2a31324c546a9a56abbe87e26069189e14bdba19c86c049f0", size = 30856035, upload-time = "2025-04-27T12:28:40.78Z" },
    { url = "https://files.pythonhosted.org/packages/9b/18/c765770227d7f5bdfa8a69f64b49194352325c66a5c3bb5e332dfd5867d9/pyarrow-20.0.0-cp311-cp311-macosx_12_0_x86_64.whl", hash = "sha256:95b330059ddfdc591a3225f2d272123be26c8fa76e8c9ee1a77aad507361cfdb", size = 32309552, upload-time = "2025-04-27T12:28:47.051Z" },
    { url = "https://files.pythonhosted.org/packages/44/fb/dfb2dfdd3e488bb14f822d7335653092dde150cffc2da97de6e7500681f9/pyarrow-20.0.0-cp311-cp311-manylinux_2_17_aarch64.manylinux2014_aarch64.whl", hash = "sha256:5f0fb1041267e9968c6d0d2ce3ff92e3928b243e2b6d11eeb84d9ac547308232", size = 41334704, upload-time = "2025-04-27T12:28:55.064Z" },
    { url = "https://files.pythonhosted.org/packages/58/0d/08a95878d38808051a953e887332d4a76bc06c6ee04351918ee1155407eb/pyarrow-20.0.0-cp311-cp311-manylinux_2_17_x86_64.manylinux2014_x86_64.whl", hash = "sha256:b8ff87cc837601532cc8242d2f7e09b4e02404de1b797aee747dd4ba4bd6313f", size = 42399836, upload-time = "2025-04-27T12:29:02.13Z" },
    { url = "https://files.pythonhosted.org/packages/f3/cd/efa271234dfe38f0271561086eedcad7bc0f2ddd1efba423916ff0883684/pyarrow-20.0.0-cp311-cp311-manylinux_2_28_aarch64.whl", hash = "sha256:7a3a5dcf54286e6141d5114522cf31dd67a9e7c9133d150799f30ee302a7a1ab", size = 40711789, upload-time = "2025-04-27T12:29:09.951Z" },
    { url = "https://files.pythonhosted.org/packages/46/1f/7f02009bc7fc8955c391defee5348f510e589a020e4b40ca05edcb847854/pyarrow-20.0.0-cp311-cp311-manylinux_2_28_x86_64.whl", hash = "sha256:a6ad3e7758ecf559900261a4df985662df54fb7fdb55e8e3b3aa99b23d526b62", size = 42301124, upload-time = "2025-04-27T12:29:17.187Z" },
    { url = "https://files.pythonhosted.org/packages/4f/92/692c562be4504c262089e86757a9048739fe1acb4024f92d39615e7bab3f/pyarrow-20.0.0-cp311-cp311-musllinux_1_2_aarch64.whl", hash = "sha256:6bb830757103a6cb300a04610e08d9636f0cd223d32f388418ea893a3e655f1c", size = 42916060, upload-time = "2025-04-27T12:29:24.253Z" },
    { url = "https://files.pythonhosted.org/packages/a4/ec/9f5c7e7c828d8e0a3c7ef50ee62eca38a7de2fa6eb1b8fa43685c9414fef/pyarrow-20.0.0-cp311-cp311-musllinux_1_2_x86_64.whl", hash = "sha256:96e37f0766ecb4514a899d9a3554fadda770fb57ddf42b63d80f14bc20aa7db3", size = 44547640, upload-time = "2025-04-27T12:29:32.782Z" },
    { url = "https://files.pythonhosted.org/packages/54/96/46613131b4727f10fd2ffa6d0d6f02efcc09a0e7374eff3b5771548aa95b/pyarrow-20.0.0-cp311-cp311-win_amd64.whl", hash = "sha256:3346babb516f4b6fd790da99b98bed9708e3f02e734c84971faccb20736848dc", size = 25781491, upload-time = "2025-04-27T12:29:38.464Z" },
    { url = "https://files.pythonhosted.org/packages/a1/d6/0c10e0d54f6c13eb464ee9b67a68b8c71bcf2f67760ef5b6fbcddd2ab05f/pyarrow-20.0.0-cp312-cp312-macosx_12_0_arm64.whl", hash = "sha256:75a51a5b0eef32727a247707d4755322cb970be7e935172b6a3a9f9ae98404ba", size = 30815067, upload-time = "2025-04-27T12:29:44.384Z" },
    { url = "https://files.pythonhosted.org/packages/7e/e2/04e9874abe4094a06fd8b0cbb0f1312d8dd7d707f144c2ec1e5e8f452ffa/pyarrow-20.0.0-cp312-cp312-macosx_12_0_x86_64.whl", hash = "sha256:211d5e84cecc640c7a3ab900f930aaff5cd2702177e0d562d426fb7c4f737781", size = 32297128, upload-time = "2025-04-27T12:29:52.038Z" },
    { url = "https://files.pythonhosted.org/packages/31/fd/c565e5dcc906a3b471a83273039cb75cb79aad4a2d4a12f76cc5ae90a4b8/pyarrow-20.0.0-cp312-cp312-manylinux_2_17_aarch64.manylinux2014_aarch64.whl", hash = "sha256:4ba3cf4182828be7a896cbd232aa8dd6a31bd1f9e32776cc3796c012855e1199", size = 41334890, upload-time = "2025-04-27T12:29:59.452Z" },
    { url = "https://files.pythonhosted.org/packages/af/a9/3bdd799e2c9b20c1ea6dc6fa8e83f29480a97711cf806e823f808c2316ac/pyarrow-20.0.0-cp312-cp312-manylinux_2_17_x86_64.manylinux2014_x86_64.whl", hash = "sha256:2c3a01f313ffe27ac4126f4c2e5ea0f36a5fc6ab51f8726cf41fee4b256680bd", size = 42421775, upload-time = "2025-04-27T12:30:06.875Z" },
    { url = "https://files.pythonhosted.org/packages/10/f7/da98ccd86354c332f593218101ae56568d5dcedb460e342000bd89c49cc1/pyarrow-20.0.0-cp312-cp312-manylinux_2_28_aarch64.whl", hash = "sha256:a2791f69ad72addd33510fec7bb14ee06c2a448e06b649e264c094c5b5f7ce28", size = 40687231, upload-time = "2025-04-27T12:30:13.954Z" },
    { url = "https://files.pythonhosted.org/packages/bb/1b/2168d6050e52ff1e6cefc61d600723870bf569cbf41d13db939c8cf97a16/pyarrow-20.0.0-cp312-cp312-manylinux_2_28_x86_64.whl", hash = "sha256:4250e28a22302ce8692d3a0e8ec9d9dde54ec00d237cff4dfa9c1fbf79e472a8", size = 42295639, upload-time = "2025-04-27T12:30:21.949Z" },
    { url = "https://files.pythonhosted.org/packages/b2/66/2d976c0c7158fd25591c8ca55aee026e6d5745a021915a1835578707feb3/pyarrow-20.0.0-cp312-cp312-musllinux_1_2_aarch64.whl", hash = "sha256:89e030dc58fc760e4010148e6ff164d2f44441490280ef1e97a542375e41058e", size = 42908549, upload-time = "2025-04-27T12:30:29.551Z" },
    { url = "https://files.pythonhosted.org/packages/31/a9/dfb999c2fc6911201dcbf348247f9cc382a8990f9ab45c12eabfd7243a38/pyarrow-20.0.0-cp312-cp312-musllinux_1_2_x86_64.whl", hash = "sha256:6102b4864d77102dbbb72965618e204e550135a940c2534711d5ffa787df2a5a", size = 44557216, upload-time = "2025-04-27T12:30:36.977Z" },
    { url = "https://files.pythonhosted.org/packages/a0/8e/9adee63dfa3911be2382fb4d92e4b2e7d82610f9d9f668493bebaa2af50f/pyarrow-20.0.0-cp312-cp312-win_amd64.whl", hash = "sha256:96d6a0a37d9c98be08f5ed6a10831d88d52cac7b13f5287f1e0f625a0de8062b", size = 25660496, upload-time = "2025-04-27T12:30:42.809Z" },
    { url = "https://files.pythonhosted.org/packages/9b/aa/daa413b81446d20d4dad2944110dcf4cf4f4179ef7f685dd5a6d7570dc8e/pyarrow-20.0.0-cp313-cp313-macosx_12_0_arm64.whl", hash = "sha256:a15532e77b94c61efadde86d10957950392999503b3616b2ffcef7621a002893", size = 30798501, upload-time = "2025-04-27T12:30:48.351Z" },
    { url = "https://files.pythonhosted.org/packages/ff/75/2303d1caa410925de902d32ac215dc80a7ce7dd8dfe95358c165f2adf107/pyarrow-20.0.0-cp313-cp313-macosx_12_0_x86_64.whl", hash = "sha256:dd43f58037443af715f34f1322c782ec463a3c8a94a85fdb2d987ceb5658e061", size = 32277895, upload-time = "2025-04-27T12:30:55.238Z" },
    { url = "https://files.pythonhosted.org/packages/92/41/fe18c7c0b38b20811b73d1bdd54b1fccba0dab0e51d2048878042d84afa8/pyarrow-20.0.0-cp313-cp313-manylinux_2_17_aarch64.manylinux2014_aarch64.whl", hash = "sha256:aa0d288143a8585806e3cc7c39566407aab646fb9ece164609dac1cfff45f6ae", size = 41327322, upload-time = "2025-04-27T12:31:05.587Z" },
    { url = "https://files.pythonhosted.org/packages/da/ab/7dbf3d11db67c72dbf36ae63dcbc9f30b866c153b3a22ef728523943eee6/pyarrow-20.0.0-cp313-cp313-manylinux_2_17_x86_64.manylinux2014_x86_64.whl", hash = "sha256:b6953f0114f8d6f3d905d98e987d0924dabce59c3cda380bdfaa25a6201563b4", size = 42411441, upload-time = "2025-04-27T12:31:15.675Z" },
    { url = "https://files.pythonhosted.org/packages/90/c3/0c7da7b6dac863af75b64e2f827e4742161128c350bfe7955b426484e226/pyarrow-20.0.0-cp313-cp313-manylinux_2_28_aarch64.whl", hash = "sha256:991f85b48a8a5e839b2128590ce07611fae48a904cae6cab1f089c5955b57eb5", size = 40677027, upload-time = "2025-04-27T12:31:24.631Z" },
    { url = "https://files.pythonhosted.org/packages/be/27/43a47fa0ff9053ab5203bb3faeec435d43c0d8bfa40179bfd076cdbd4e1c/pyarrow-20.0.0-cp313-cp313-manylinux_2_28_x86_64.whl", hash = "sha256:97c8dc984ed09cb07d618d57d8d4b67a5100a30c3818c2fb0b04599f0da2de7b", size = 42281473, upload-time = "2025-04-27T12:31:31.311Z" },
    { url = "https://files.pythonhosted.org/packages/bc/0b/d56c63b078876da81bbb9ba695a596eabee9b085555ed12bf6eb3b7cab0e/pyarrow-20.0.0-cp313-cp313-musllinux_1_2_aarch64.whl", hash = "sha256:9b71daf534f4745818f96c214dbc1e6124d7daf059167330b610fc69b6f3d3e3", size = 42893897, upload-time = "2025-04-27T12:31:39.406Z" },
    { url = "https://files.pythonhosted.org/packages/92/ac/7d4bd020ba9145f354012838692d48300c1b8fe5634bfda886abcada67ed/pyarrow-20.0.0-cp313-cp313-musllinux_1_2_x86_64.whl", hash = "sha256:e8b88758f9303fa5a83d6c90e176714b2fd3852e776fc2d7e42a22dd6c2fb368", size = 44543847, upload-time = "2025-04-27T12:31:45.997Z" },
    { url = "https://files.pythonhosted.org/packages/9d/07/290f4abf9ca702c5df7b47739c1b2c83588641ddfa2cc75e34a301d42e55/pyarrow-20.0.0-cp313-cp313-win_amd64.whl", hash = "sha256:30b3051b7975801c1e1d387e17c588d8ab05ced9b1e14eec57915f79869b5031", size = 25653219, upload-time = "2025-04-27T12:31:54.11Z" },
    { url = "https://files.pythonhosted.org/packages/95/df/720bb17704b10bd69dde086e1400b8eefb8f58df3f8ac9cff6c425bf57f1/pyarrow-20.0.0-cp313-cp313t-macosx_12_0_arm64.whl", hash = "sha256:ca151afa4f9b7bc45bcc791eb9a89e90a9eb2772767d0b1e5389609c7d03db63", size = 30853957, upload-time = "2025-04-27T12:31:59.215Z" },
    { url = "https://files.pythonhosted.org/packages/d9/72/0d5f875efc31baef742ba55a00a25213a19ea64d7176e0fe001c5d8b6e9a/pyarrow-20.0.0-cp313-cp313t-macosx_12_0_x86_64.whl", hash = "sha256:4680f01ecd86e0dd63e39eb5cd59ef9ff24a9d166db328679e36c108dc993d4c", size = 32247972, upload-time = "2025-04-27T12:32:05.369Z" },
    { url = "https://files.pythonhosted.org/packages/d5/bc/e48b4fa544d2eea72f7844180eb77f83f2030b84c8dad860f199f94307ed/pyarrow-20.0.0-cp313-cp313t-manylinux_2_17_aarch64.manylinux2014_aarch64.whl", hash = "sha256:7f4c8534e2ff059765647aa69b75d6543f9fef59e2cd4c6d18015192565d2b70", size = 41256434, upload-time = "2025-04-27T12:32:11.814Z" },
    { url = "https://files.pythonhosted.org/packages/c3/01/974043a29874aa2cf4f87fb07fd108828fc7362300265a2a64a94965e35b/pyarrow-20.0.0-cp313-cp313t-manylinux_2_17_x86_64.manylinux2014_x86_64.whl", hash = "sha256:3e1f8a47f4b4ae4c69c4d702cfbdfe4d41e18e5c7ef6f1bb1c50918c1e81c57b", size = 42353648, upload-time = "2025-04-27T12:32:20.766Z" },
    { url = "https://files.pythonhosted.org/packages/68/95/cc0d3634cde9ca69b0e51cbe830d8915ea32dda2157560dda27ff3b3337b/pyarrow-20.0.0-cp313-cp313t-manylinux_2_28_aarch64.whl", hash = "sha256:a1f60dc14658efaa927f8214734f6a01a806d7690be4b3232ba526836d216122", size = 40619853, upload-time = "2025-04-27T12:32:28.1Z" },
    { url = "https://files.pythonhosted.org/packages/29/c2/3ad40e07e96a3e74e7ed7cc8285aadfa84eb848a798c98ec0ad009eb6bcc/pyarrow-20.0.0-cp313-cp313t-manylinux_2_28_x86_64.whl", hash = "sha256:204a846dca751428991346976b914d6d2a82ae5b8316a6ed99789ebf976551e6", size = 42241743, upload-time = "2025-04-27T12:32:35.792Z" },
    { url = "https://files.pythonhosted.org/packages/eb/cb/65fa110b483339add6a9bc7b6373614166b14e20375d4daa73483755f830/pyarrow-20.0.0-cp313-cp313t-musllinux_1_2_aarch64.whl", hash = "sha256:f3b117b922af5e4c6b9a9115825726cac7d8b1421c37c2b5e24fbacc8930612c", size = 42839441, upload-time = "2025-04-27T12:32:46.64Z" },
    { url = "https://files.pythonhosted.org/packages/98/7b/f30b1954589243207d7a0fbc9997401044bf9a033eec78f6cb50da3f304a/pyarrow-20.0.0-cp313-cp313t-musllinux_1_2_x86_64.whl", hash = "sha256:e724a3fd23ae5b9c010e7be857f4405ed5e679db5c93e66204db1a69f733936a", size = 44503279, upload-time = "2025-04-27T12:32:56.503Z" },
    { url = "https://files.pythonhosted.org/packages/37/40/ad395740cd641869a13bcf60851296c89624662575621968dcfafabaa7f6/pyarrow-20.0.0-cp313-cp313t-win_amd64.whl", hash = "sha256:82f1ee5133bd8f49d31be1299dc07f585136679666b502540db854968576faf9", size = 25944982, upload-time = "2025-04-27T12:33:04.72Z" },
]

[[package]]
name = "python-dateutil"
version = "2.9.0.post0"
source = { registry = "https://pypi.org/simple" }
dependencies = [
    { name = "six" },
]
sdist = { url = "https://files.pythonhosted.org/packages/66/c0/0c8b6ad9f17a802ee498c46e004a0eb49bc148f2fd230864601a86dcf6db/python-dateutil-2.9.0.post0.tar.gz", hash = "sha256:37dd54208da7e1cd875388217d5e00ebd4179249f90fb72437e91a35459a0ad3", size = 342432, upload-time = "2024-03-01T18:36:20.211Z" }
wheels = [
    { url = "https://files.pythonhosted.org/packages/ec/57/56b9bcc3c9c6a792fcbaf139543cee77261f3651ca9da0c93f5c1221264b/python_dateutil-2.9.0.post0-py2.py3-none-any.whl", hash = "sha256:a8b2bc7bffae282281c8140a97d3aa9c14da0b136dfe83f850eea9a5f7470427", size = 229892, upload-time = "2024-03-01T18:36:18.57Z" },
]

[[package]]
name = "python-dotenv"
version = "1.1.1"
source = { registry = "https://pypi.org/simple" }
sdist = { url = "https://files.pythonhosted.org/packages/f6/b0/4bc07ccd3572a2f9df7e6782f52b0c6c90dcbb803ac4a167702d7d0dfe1e/python_dotenv-1.1.1.tar.gz", hash = "sha256:a8a6399716257f45be6a007360200409fce5cda2661e3dec71d23dc15f6189ab", size = 41978, upload-time = "2025-06-24T04:21:07.341Z" }
wheels = [
    { url = "https://files.pythonhosted.org/packages/5f/ed/539768cf28c661b5b068d66d96a2f155c4971a5d55684a514c1a0e0dec2f/python_dotenv-1.1.1-py3-none-any.whl", hash = "sha256:31f23644fe2602f88ff55e1f5c79ba497e01224ee7737937930c448e4d0e24dc", size = 20556, upload-time = "2025-06-24T04:21:06.073Z" },
]

[[package]]
name = "s3transfer"
version = "0.13.1"
source = { registry = "https://pypi.org/simple" }
dependencies = [
    { name = "botocore" },
]
sdist = { url = "https://files.pythonhosted.org/packages/6d/05/d52bf1e65044b4e5e27d4e63e8d1579dbdec54fce685908ae09bc3720030/s3transfer-0.13.1.tar.gz", hash = "sha256:c3fdba22ba1bd367922f27ec8032d6a1cf5f10c934fb5d68cf60fd5a23d936cf", size = 150589, upload-time = "2025-07-18T19:22:42.31Z" }
wheels = [
    { url = "https://files.pythonhosted.org/packages/6d/4f/d073e09df851cfa251ef7840007d04db3293a0482ce607d2b993926089be/s3transfer-0.13.1-py3-none-any.whl", hash = "sha256:a981aa7429be23fe6dfc13e80e4020057cbab622b08c0315288758d67cabc724", size = 85308, upload-time = "2025-07-18T19:22:40.947Z" },
]

[[package]]
name = "six"
version = "1.17.0"
source = { registry = "https://pypi.org/simple" }
sdist = { url = "https://files.pythonhosted.org/packages/94/e7/b2c673351809dca68a0e064b6af791aa332cf192da575fd474ed7d6f16a2/six-1.17.0.tar.gz", hash = "sha256:ff70335d468e7eb6ec65b95b99d3a2836546063f63acc5171de367e834932a81", size = 34031, upload-time = "2024-12-04T17:35:28.174Z" }
wheels = [
    { url = "https://files.pythonhosted.org/packages/b7/ce/149a00dd41f10bc29e5921b496af8b574d8413afcd5e30dfa0ed46c2cc5e/six-1.17.0-py2.py3-none-any.whl", hash = "sha256:4721f391ed90541fddacab5acf947aa0d3dc7d27b2e1e8eda2be8970586c3274", size = 11050, upload-time = "2024-12-04T17:35:26.475Z" },
]

[[package]]
name = "urllib3"
version = "2.5.0"
source = { registry = "https://pypi.org/simple" }
sdist = { url = "https://files.pythonhosted.org/packages/15/22/9ee70a2574a4f4599c47dd506532914ce044817c7752a79b6a51286319bc/urllib3-2.5.0.tar.gz", hash = "sha256:3fc47733c7e419d4bc3f6b3dc2b4f890bb743906a30d56ba4a5bfa4bbff92760", size = 393185, upload-time = "2025-06-18T14:07:41.644Z" }
wheels = [
    { url = "https://files.pythonhosted.org/packages/a7/c2/fe1e52489ae3122415c51f387e221dd0773709bad6c6cdaa599e8a2c5185/urllib3-2.5.0-py3-none-any.whl", hash = "sha256:e6b01673c0fa6a13e374b50871808eb3bf7046c4b125b216f6bf1cc604cff0dc", size = 129795, upload-time = "2025-06-18T14:07:40.39Z" },
]
